// !$*UTF8*$!
{
	archiveVersion = 1;
	classes = {
	};
	objectVersion = 46;
	objects = {

/* Begin PBXBuildFile section */
		AA4A53E71AEFA26D00FA1473 /* main.m in Sources */ = {isa = PBXBuildFile; fileRef = AA4A53E61AEFA26D00FA1473 /* main.m */; };
		AA4A53EA1AEFA26D00FA1473 /* AppDelegate.m in Sources */ = {isa = PBXBuildFile; fileRef = AA4A53E91AEFA26D00FA1473 /* AppDelegate.m */; };
		AA4A53F01AEFA26D00FA1473 /* Main.storyboard in Resources */ = {isa = PBXBuildFile; fileRef = AA4A53EE1AEFA26D00FA1473 /* Main.storyboard */; };
		AA4A53F21AEFA26D00FA1473 /* Images.xcassets in Resources */ = {isa = PBXBuildFile; fileRef = AA4A53F11AEFA26D00FA1473 /* Images.xcassets */; };
		AA4A53F51AEFA26D00FA1473 /* LaunchScreen.xib in Resources */ = {isa = PBXBuildFile; fileRef = AA4A53F31AEFA26D00FA1473 /* LaunchScreen.xib */; };
		AA4A54141AEFA28200FA1473 /* InterfaceController.m in Sources */ = {isa = PBXBuildFile; fileRef = AA4A54131AEFA28200FA1473 /* InterfaceController.m */; };
		AA4A54171AEFA28200FA1473 /* GlanceController.m in Sources */ = {isa = PBXBuildFile; fileRef = AA4A54161AEFA28200FA1473 /* GlanceController.m */; };
		AA4A54191AEFA28200FA1473 /* Images.xcassets in Resources */ = {isa = PBXBuildFile; fileRef = AA4A54181AEFA28200FA1473 /* Images.xcassets */; };
		AA4A541D1AEFA28200FA1473 /* BatteryGlance WatchKit App.app in Resources */ = {isa = PBXBuildFile; fileRef = AA4A541C1AEFA28200FA1473 /* BatteryGlance WatchKit App.app */; };
		AA4A54251AEFA28200FA1473 /* Interface.storyboard in Resources */ = {isa = PBXBuildFile; fileRef = AA4A54231AEFA28200FA1473 /* Interface.storyboard */; };
		AA4A54271AEFA28200FA1473 /* Images.xcassets in Resources */ = {isa = PBXBuildFile; fileRef = AA4A54261AEFA28200FA1473 /* Images.xcassets */; };
		AA4A542A1AEFA28200FA1473 /* BatteryGlance WatchKit Extension.appex in Embed App Extensions */ = {isa = PBXBuildFile; fileRef = AA4A540E1AEFA28200FA1473 /* BatteryGlance WatchKit Extension.appex */; settings = {ATTRIBUTES = (RemoveHeadersOnCopy, ); }; };
/* End PBXBuildFile section */

/* Begin PBXContainerItemProxy section */
		AA4A541E1AEFA28200FA1473 /* PBXContainerItemProxy */ = {
			isa = PBXContainerItemProxy;
			containerPortal = AA4A53D91AEFA26D00FA1473 /* Project object */;
			proxyType = 1;
			remoteGlobalIDString = AA4A541B1AEFA28200FA1473;
			remoteInfo = "BatteryGlance WatchKit App";
		};
		AA4A54281AEFA28200FA1473 /* PBXContainerItemProxy */ = {
			isa = PBXContainerItemProxy;
			containerPortal = AA4A53D91AEFA26D00FA1473 /* Project object */;
			proxyType = 1;
			remoteGlobalIDString = AA4A540D1AEFA28200FA1473;
			remoteInfo = "BatteryGlance WatchKit Extension";
		};
/* End PBXContainerItemProxy section */

/* Begin PBXCopyFilesBuildPhase section */
		AA4A54311AEFA28200FA1473 /* Embed App Extensions */ = {
			isa = PBXCopyFilesBuildPhase;
			buildActionMask = 2147483647;
			dstPath = "";
			dstSubfolderSpec = 13;
			files = (
				AA4A542A1AEFA28200FA1473 /* BatteryGlance WatchKit Extension.appex in Embed App Extensions */,
			);
			name = "Embed App Extensions";
			runOnlyForDeploymentPostprocessing = 0;
		};
/* End PBXCopyFilesBuildPhase section */

/* Begin PBXFileReference section */
		AA4A53E11AEFA26D00FA1473 /* BatteryGlance.app */ = {isa = PBXFileReference; explicitFileType = wrapper.application; includeInIndex = 0; path = BatteryGlance.app; sourceTree = BUILT_PRODUCTS_DIR; };
		AA4A53E51AEFA26D00FA1473 /* Info.plist */ = {isa = PBXFileReference; lastKnownFileType = text.plist.xml; path = Info.plist; sourceTree = "<group>"; };
		AA4A53E61AEFA26D00FA1473 /* main.m */ = {isa = PBXFileReference; lastKnownFileType = sourcecode.c.objc; path = main.m; sourceTree = "<group>"; };
		AA4A53E81AEFA26D00FA1473 /* AppDelegate.h */ = {isa = PBXFileReference; lastKnownFileType = sourcecode.c.h; path = AppDelegate.h; sourceTree = "<group>"; };
		AA4A53E91AEFA26D00FA1473 /* AppDelegate.m */ = {isa = PBXFileReference; lastKnownFileType = sourcecode.c.objc; path = AppDelegate.m; sourceTree = "<group>"; };
		AA4A53EF1AEFA26D00FA1473 /* Base */ = {isa = PBXFileReference; lastKnownFileType = file.storyboard; name = Base; path = Base.lproj/Main.storyboard; sourceTree = "<group>"; };
		AA4A53F11AEFA26D00FA1473 /* Images.xcassets */ = {isa = PBXFileReference; lastKnownFileType = folder.assetcatalog; path = Images.xcassets; sourceTree = "<group>"; };
		AA4A53F41AEFA26D00FA1473 /* Base */ = {isa = PBXFileReference; lastKnownFileType = file.xib; name = Base; path = Base.lproj/LaunchScreen.xib; sourceTree = "<group>"; };
		AA4A53FF1AEFA26E00FA1473 /* Info.plist */ = {isa = PBXFileReference; lastKnownFileType = text.plist.xml; path = Info.plist; sourceTree = "<group>"; };
		AA4A54001AEFA26E00FA1473 /* BatteryGlanceTests.m */ = {isa = PBXFileReference; lastKnownFileType = sourcecode.c.objc; path = BatteryGlanceTests.m; sourceTree = "<group>"; };
		AA4A540E1AEFA28200FA1473 /* BatteryGlance WatchKit Extension.appex */ = {isa = PBXFileReference; explicitFileType = "wrapper.app-extension"; includeInIndex = 0; path = "BatteryGlance WatchKit Extension.appex"; sourceTree = BUILT_PRODUCTS_DIR; };
		AA4A54111AEFA28200FA1473 /* Info.plist */ = {isa = PBXFileReference; lastKnownFileType = text.plist.xml; path = Info.plist; sourceTree = "<group>"; };
		AA4A54121AEFA28200FA1473 /* InterfaceController.h */ = {isa = PBXFileReference; lastKnownFileType = sourcecode.c.h; path = InterfaceController.h; sourceTree = "<group>"; };
		AA4A54131AEFA28200FA1473 /* InterfaceController.m */ = {isa = PBXFileReference; lastKnownFileType = sourcecode.c.objc; path = InterfaceController.m; sourceTree = "<group>"; };
		AA4A54151AEFA28200FA1473 /* GlanceController.h */ = {isa = PBXFileReference; lastKnownFileType = sourcecode.c.h; path = GlanceController.h; sourceTree = "<group>"; };
		AA4A54161AEFA28200FA1473 /* GlanceController.m */ = {isa = PBXFileReference; lastKnownFileType = sourcecode.c.objc; path = GlanceController.m; sourceTree = "<group>"; };
		AA4A54181AEFA28200FA1473 /* Images.xcassets */ = {isa = PBXFileReference; lastKnownFileType = folder.assetcatalog; path = Images.xcassets; sourceTree = "<group>"; };
		AA4A541C1AEFA28200FA1473 /* BatteryGlance WatchKit App.app */ = {isa = PBXFileReference; explicitFileType = wrapper.application; includeInIndex = 0; path = "BatteryGlance WatchKit App.app"; sourceTree = BUILT_PRODUCTS_DIR; };
		AA4A54221AEFA28200FA1473 /* Info.plist */ = {isa = PBXFileReference; lastKnownFileType = text.plist.xml; path = Info.plist; sourceTree = "<group>"; };
		AA4A54241AEFA28200FA1473 /* Base */ = {isa = PBXFileReference; lastKnownFileType = file.storyboard; name = Base; path = Base.lproj/Interface.storyboard; sourceTree = "<group>"; };
		AA4A54261AEFA28200FA1473 /* Images.xcassets */ = {isa = PBXFileReference; lastKnownFileType = folder.assetcatalog; path = Images.xcassets; sourceTree = "<group>"; };
/* End PBXFileReference section */

/* Begin PBXFrameworksBuildPhase section */
		AA4A53DE1AEFA26D00FA1473 /* Frameworks */ = {
			isa = PBXFrameworksBuildPhase;
			buildActionMask = 2147483647;
			files = (
			);
			runOnlyForDeploymentPostprocessing = 0;
		};
		AA4A540B1AEFA28200FA1473 /* Frameworks */ = {
			isa = PBXFrameworksBuildPhase;
			buildActionMask = 2147483647;
			files = (
			);
			runOnlyForDeploymentPostprocessing = 0;
		};
/* End PBXFrameworksBuildPhase section */

/* Begin PBXGroup section */
		AA4A53D81AEFA26D00FA1473 = {
			isa = PBXGroup;
			children = (
				AA4A53E31AEFA26D00FA1473 /* BatteryGlance */,
				AA4A53FD1AEFA26E00FA1473 /* BatteryGlanceTests */,
				AA4A540F1AEFA28200FA1473 /* BatteryGlance WatchKit Extension */,
				AA4A54201AEFA28200FA1473 /* BatteryGlance WatchKit App */,
				AA4A53E21AEFA26D00FA1473 /* Products */,
			);
			sourceTree = "<group>";
		};
		AA4A53E21AEFA26D00FA1473 /* Products */ = {
			isa = PBXGroup;
			children = (
				AA4A53E11AEFA26D00FA1473 /* BatteryGlance.app */,
				AA4A540E1AEFA28200FA1473 /* BatteryGlance WatchKit Extension.appex */,
				AA4A541C1AEFA28200FA1473 /* BatteryGlance WatchKit App.app */,
			);
			name = Products;
			sourceTree = "<group>";
		};
		AA4A53E31AEFA26D00FA1473 /* BatteryGlance */ = {
			isa = PBXGroup;
			children = (
				AA4A53E81AEFA26D00FA1473 /* AppDelegate.h */,
				AA4A53E91AEFA26D00FA1473 /* AppDelegate.m */,
				AA4A53EE1AEFA26D00FA1473 /* Main.storyboard */,
				AA4A53F11AEFA26D00FA1473 /* Images.xcassets */,
				AA4A53F31AEFA26D00FA1473 /* LaunchScreen.xib */,
				AA4A53E41AEFA26D00FA1473 /* Supporting Files */,
			);
			path = BatteryGlance;
			sourceTree = "<group>";
		};
		AA4A53E41AEFA26D00FA1473 /* Supporting Files */ = {
			isa = PBXGroup;
			children = (
				AA4A53E51AEFA26D00FA1473 /* Info.plist */,
				AA4A53E61AEFA26D00FA1473 /* main.m */,
			);
			name = "Supporting Files";
			sourceTree = "<group>";
		};
		AA4A53FD1AEFA26E00FA1473 /* BatteryGlanceTests */ = {
			isa = PBXGroup;
			children = (
				AA4A54001AEFA26E00FA1473 /* BatteryGlanceTests.m */,
				AA4A53FE1AEFA26E00FA1473 /* Supporting Files */,
			);
			path = BatteryGlanceTests;
			sourceTree = "<group>";
		};
		AA4A53FE1AEFA26E00FA1473 /* Supporting Files */ = {
			isa = PBXGroup;
			children = (
				AA4A53FF1AEFA26E00FA1473 /* Info.plist */,
			);
			name = "Supporting Files";
			sourceTree = "<group>";
		};
		AA4A540F1AEFA28200FA1473 /* BatteryGlance WatchKit Extension */ = {
			isa = PBXGroup;
			children = (
				AA4A54121AEFA28200FA1473 /* InterfaceController.h */,
				AA4A54131AEFA28200FA1473 /* InterfaceController.m */,
				AA4A54151AEFA28200FA1473 /* GlanceController.h */,
				AA4A54161AEFA28200FA1473 /* GlanceController.m */,
				AA4A54181AEFA28200FA1473 /* Images.xcassets */,
				AA4A54101AEFA28200FA1473 /* Supporting Files */,
			);
			path = "BatteryGlance WatchKit Extension";
			sourceTree = "<group>";
		};
		AA4A54101AEFA28200FA1473 /* Supporting Files */ = {
			isa = PBXGroup;
			children = (
				AA4A54111AEFA28200FA1473 /* Info.plist */,
			);
			name = "Supporting Files";
			sourceTree = "<group>";
		};
		AA4A54201AEFA28200FA1473 /* BatteryGlance WatchKit App */ = {
			isa = PBXGroup;
			children = (
				AA4A54231AEFA28200FA1473 /* Interface.storyboard */,
				AA4A54261AEFA28200FA1473 /* Images.xcassets */,
				AA4A54211AEFA28200FA1473 /* Supporting Files */,
			);
			path = "BatteryGlance WatchKit App";
			sourceTree = "<group>";
		};
		AA4A54211AEFA28200FA1473 /* Supporting Files */ = {
			isa = PBXGroup;
			children = (
				AA4A54221AEFA28200FA1473 /* Info.plist */,
			);
			name = "Supporting Files";
			sourceTree = "<group>";
		};
/* End PBXGroup section */

/* Begin PBXNativeTarget section */
		AA4A53E01AEFA26D00FA1473 /* BatteryGlance */ = {
			isa = PBXNativeTarget;
			buildConfigurationList = AA4A54041AEFA26E00FA1473 /* Build configuration list for PBXNativeTarget "BatteryGlance" */;
			buildPhases = (
				AA4A53DD1AEFA26D00FA1473 /* Sources */,
				AA4A53DE1AEFA26D00FA1473 /* Frameworks */,
				AA4A53DF1AEFA26D00FA1473 /* Resources */,
				AA4A54311AEFA28200FA1473 /* Embed App Extensions */,
			);
			buildRules = (
			);
			dependencies = (
				AA4A54291AEFA28200FA1473 /* PBXTargetDependency */,
			);
			name = BatteryGlance;
			productName = BatteryGlance;
			productReference = AA4A53E11AEFA26D00FA1473 /* BatteryGlance.app */;
			productType = "com.apple.product-type.application";
		};
		AA4A540D1AEFA28200FA1473 /* BatteryGlance WatchKit Extension */ = {
			isa = PBXNativeTarget;
			buildConfigurationList = AA4A542E1AEFA28200FA1473 /* Build configuration list for PBXNativeTarget "BatteryGlance WatchKit Extension" */;
			buildPhases = (
				AA4A540A1AEFA28200FA1473 /* Sources */,
				AA4A540B1AEFA28200FA1473 /* Frameworks */,
				AA4A540C1AEFA28200FA1473 /* Resources */,
			);
			buildRules = (
			);
			dependencies = (
				AA4A541F1AEFA28200FA1473 /* PBXTargetDependency */,
			);
			name = "BatteryGlance WatchKit Extension";
			productName = "BatteryGlance WatchKit Extension";
			productReference = AA4A540E1AEFA28200FA1473 /* BatteryGlance WatchKit Extension.appex */;
			productType = "com.apple.product-type.watchkit-extension";
		};
		AA4A541B1AEFA28200FA1473 /* BatteryGlance WatchKit App */ = {
			isa = PBXNativeTarget;
			buildConfigurationList = AA4A542B1AEFA28200FA1473 /* Build configuration list for PBXNativeTarget "BatteryGlance WatchKit App" */;
			buildPhases = (
				AA4A541A1AEFA28200FA1473 /* Resources */,
			);
			buildRules = (
			);
			dependencies = (
			);
			name = "BatteryGlance WatchKit App";
			productName = "BatteryGlance WatchKit App";
			productReference = AA4A541C1AEFA28200FA1473 /* BatteryGlance WatchKit App.app */;
			productType = "com.apple.product-type.application.watchapp";
		};
/* End PBXNativeTarget section */

/* Begin PBXProject section */
		AA4A53D91AEFA26D00FA1473 /* Project object */ = {
			isa = PBXProject;
			attributes = {
				LastUpgradeCheck = 0630;
				ORGANIZATIONNAME = BienProgramming;
				TargetAttributes = {
					AA4A53E01AEFA26D00FA1473 = {
						CreatedOnToolsVersion = 6.3.1;
					};
					AA4A540D1AEFA28200FA1473 = {
						CreatedOnToolsVersion = 6.3.1;
					};
					AA4A541B1AEFA28200FA1473 = {
						CreatedOnToolsVersion = 6.3.1;
					};
				};
			};
			buildConfigurationList = AA4A53DC1AEFA26D00FA1473 /* Build configuration list for PBXProject "BatteryGlance" */;
			compatibilityVersion = "Xcode 3.2";
			developmentRegion = English;
			hasScannedForEncodings = 0;
			knownRegions = (
				en,
				Base,
			);
			mainGroup = AA4A53D81AEFA26D00FA1473;
			productRefGroup = AA4A53E21AEFA26D00FA1473 /* Products */;
			projectDirPath = "";
			projectRoot = "";
			targets = (
				AA4A53E01AEFA26D00FA1473 /* BatteryGlance */,
				AA4A540D1AEFA28200FA1473 /* BatteryGlance WatchKit Extension */,
				AA4A541B1AEFA28200FA1473 /* BatteryGlance WatchKit App */,
			);
		};
/* End PBXProject section */

/* Begin PBXResourcesBuildPhase section */
		AA4A53DF1AEFA26D00FA1473 /* Resources */ = {
			isa = PBXResourcesBuildPhase;
			buildActionMask = 2147483647;
			files = (
				AA4A53F01AEFA26D00FA1473 /* Main.storyboard in Resources */,
				AA4A53F51AEFA26D00FA1473 /* LaunchScreen.xib in Resources */,
				AA4A53F21AEFA26D00FA1473 /* Images.xcassets in Resources */,
			);
			runOnlyForDeploymentPostprocessing = 0;
		};
		AA4A540C1AEFA28200FA1473 /* Resources */ = {
			isa = PBXResourcesBuildPhase;
			buildActionMask = 2147483647;
			files = (
				AA4A541D1AEFA28200FA1473 /* BatteryGlance WatchKit App.app in Resources */,
				AA4A54191AEFA28200FA1473 /* Images.xcassets in Resources */,
			);
			runOnlyForDeploymentPostprocessing = 0;
		};
		AA4A541A1AEFA28200FA1473 /* Resources */ = {
			isa = PBXResourcesBuildPhase;
			buildActionMask = 2147483647;
			files = (
				AA4A54251AEFA28200FA1473 /* Interface.storyboard in Resources */,
				AA4A54271AEFA28200FA1473 /* Images.xcassets in Resources */,
			);
			runOnlyForDeploymentPostprocessing = 0;
		};
/* End PBXResourcesBuildPhase section */

/* Begin PBXSourcesBuildPhase section */
		AA4A53DD1AEFA26D00FA1473 /* Sources */ = {
			isa = PBXSourcesBuildPhase;
			buildActionMask = 2147483647;
			files = (
				AA4A53EA1AEFA26D00FA1473 /* AppDelegate.m in Sources */,
				AA4A53E71AEFA26D00FA1473 /* main.m in Sources */,
			);
			runOnlyForDeploymentPostprocessing = 0;
		};
		AA4A540A1AEFA28200FA1473 /* Sources */ = {
			isa = PBXSourcesBuildPhase;
			buildActionMask = 2147483647;
			files = (
				AA4A54141AEFA28200FA1473 /* InterfaceController.m in Sources */,
				AA4A54171AEFA28200FA1473 /* GlanceController.m in Sources */,
			);
			runOnlyForDeploymentPostprocessing = 0;
		};
/* End PBXSourcesBuildPhase section */

/* Begin PBXTargetDependency section */
		AA4A541F1AEFA28200FA1473 /* PBXTargetDependency */ = {
			isa = PBXTargetDependency;
			target = AA4A541B1AEFA28200FA1473 /* BatteryGlance WatchKit App */;
			targetProxy = AA4A541E1AEFA28200FA1473 /* PBXContainerItemProxy */;
		};
		AA4A54291AEFA28200FA1473 /* PBXTargetDependency */ = {
			isa = PBXTargetDependency;
			target = AA4A540D1AEFA28200FA1473 /* BatteryGlance WatchKit Extension */;
			targetProxy = AA4A54281AEFA28200FA1473 /* PBXContainerItemProxy */;
		};
/* End PBXTargetDependency section */

/* Begin PBXVariantGroup section */
		AA4A53EE1AEFA26D00FA1473 /* Main.storyboard */ = {
			isa = PBXVariantGroup;
			children = (
				AA4A53EF1AEFA26D00FA1473 /* Base */,
			);
			name = Main.storyboard;
			sourceTree = "<group>";
		};
		AA4A53F31AEFA26D00FA1473 /* LaunchScreen.xib */ = {
			isa = PBXVariantGroup;
			children = (
				AA4A53F41AEFA26D00FA1473 /* Base */,
			);
			name = LaunchScreen.xib;
			sourceTree = "<group>";
		};
		AA4A54231AEFA28200FA1473 /* Interface.storyboard */ = {
			isa = PBXVariantGroup;
			children = (
				AA4A54241AEFA28200FA1473 /* Base */,
			);
			name = Interface.storyboard;
			sourceTree = "<group>";
		};
/* End PBXVariantGroup section */

/* Begin XCBuildConfiguration section */
		AA4A54021AEFA26E00FA1473 /* Debug */ = {
			isa = XCBuildConfiguration;
			buildSettings = {
				ALWAYS_SEARCH_USER_PATHS = NO;
				CLANG_CXX_LANGUAGE_STANDARD = "gnu++0x";
				CLANG_CXX_LIBRARY = "libc++";
				CLANG_ENABLE_MODULES = YES;
				CLANG_ENABLE_OBJC_ARC = YES;
				CLANG_WARN_BOOL_CONVERSION = YES;
				CLANG_WARN_CONSTANT_CONVERSION = YES;
				CLANG_WARN_DIRECT_OBJC_ISA_USAGE = YES_ERROR;
				CLANG_WARN_EMPTY_BODY = YES;
				CLANG_WARN_ENUM_CONVERSION = YES;
				CLANG_WARN_INT_CONVERSION = YES;
				CLANG_WARN_OBJC_ROOT_CLASS = YES_ERROR;
				CLANG_WARN_UNREACHABLE_CODE = YES;
				CLANG_WARN__DUPLICATE_METHOD_MATCH = YES;
				"CODE_SIGN_IDENTITY[sdk=iphoneos*]" = "iPhone Developer: Christian Bieniak (ZKA6K3HN7T)";
				COPY_PHASE_STRIP = NO;
				DEBUG_INFORMATION_FORMAT = "dwarf-with-dsym";
				ENABLE_STRICT_OBJC_MSGSEND = YES;
				GCC_C_LANGUAGE_STANDARD = gnu99;
				GCC_DYNAMIC_NO_PIC = NO;
				GCC_NO_COMMON_BLOCKS = YES;
				GCC_OPTIMIZATION_LEVEL = 0;
				GCC_PREPROCESSOR_DEFINITIONS = (
					"DEBUG=1",
					"$(inherited)",
				);
				GCC_SYMBOLS_PRIVATE_EXTERN = NO;
				GCC_WARN_64_TO_32_BIT_CONVERSION = YES;
				GCC_WARN_ABOUT_RETURN_TYPE = YES_ERROR;
				GCC_WARN_UNDECLARED_SELECTOR = YES;
				GCC_WARN_UNINITIALIZED_AUTOS = YES_AGGRESSIVE;
				GCC_WARN_UNUSED_FUNCTION = YES;
				GCC_WARN_UNUSED_VARIABLE = YES;
				IPHONEOS_DEPLOYMENT_TARGET = 8.3;
				MTL_ENABLE_DEBUG_INFO = YES;
				ONLY_ACTIVE_ARCH = YES;
				PROVISIONING_PROFILE = "a9532205-2b42-469a-940d-fa425f3d6af5";
				SDKROOT = iphoneos;
			};
			name = Debug;
		};
		AA4A54031AEFA26E00FA1473 /* Release */ = {
			isa = XCBuildConfiguration;
			buildSettings = {
				ALWAYS_SEARCH_USER_PATHS = NO;
				CLANG_CXX_LANGUAGE_STANDARD = "gnu++0x";
				CLANG_CXX_LIBRARY = "libc++";
				CLANG_ENABLE_MODULES = YES;
				CLANG_ENABLE_OBJC_ARC = YES;
				CLANG_WARN_BOOL_CONVERSION = YES;
				CLANG_WARN_CONSTANT_CONVERSION = YES;
				CLANG_WARN_DIRECT_OBJC_ISA_USAGE = YES_ERROR;
				CLANG_WARN_EMPTY_BODY = YES;
				CLANG_WARN_ENUM_CONVERSION = YES;
				CLANG_WARN_INT_CONVERSION = YES;
				CLANG_WARN_OBJC_ROOT_CLASS = YES_ERROR;
				CLANG_WARN_UNREACHABLE_CODE = YES;
				CLANG_WARN__DUPLICATE_METHOD_MATCH = YES;
				"CODE_SIGN_IDENTITY[sdk=iphoneos*]" = "iPhone Developer";
				COPY_PHASE_STRIP = NO;
				DEBUG_INFORMATION_FORMAT = "dwarf-with-dsym";
				ENABLE_NS_ASSERTIONS = NO;
				ENABLE_STRICT_OBJC_MSGSEND = YES;
				GCC_C_LANGUAGE_STANDARD = gnu99;
				GCC_NO_COMMON_BLOCKS = YES;
				GCC_WARN_64_TO_32_BIT_CONVERSION = YES;
				GCC_WARN_ABOUT_RETURN_TYPE = YES_ERROR;
				GCC_WARN_UNDECLARED_SELECTOR = YES;
				GCC_WARN_UNINITIALIZED_AUTOS = YES_AGGRESSIVE;
				GCC_WARN_UNUSED_FUNCTION = YES;
				GCC_WARN_UNUSED_VARIABLE = YES;
				IPHONEOS_DEPLOYMENT_TARGET = 8.3;
				MTL_ENABLE_DEBUG_INFO = NO;
				PROVISIONING_PROFILE = "a9532205-2b42-469a-940d-fa425f3d6af5";
				SDKROOT = iphoneos;
				VALIDATE_PRODUCT = YES;
			};
			name = Release;
		};
		AA4A54051AEFA26E00FA1473 /* Debug */ = {
			isa = XCBuildConfiguration;
			buildSettings = {
				ASSETCATALOG_COMPILER_APPICON_NAME = AppIcon;
				INFOPLIST_FILE = BatteryGlance/Info.plist;
				LD_RUNPATH_SEARCH_PATHS = "$(inherited) @executable_path/Frameworks";
				PRODUCT_NAME = "$(TARGET_NAME)";
			};
			name = Debug;
		};
		AA4A54061AEFA26E00FA1473 /* Release */ = {
			isa = XCBuildConfiguration;
			buildSettings = {
				ASSETCATALOG_COMPILER_APPICON_NAME = AppIcon;
				INFOPLIST_FILE = BatteryGlance/Info.plist;
				LD_RUNPATH_SEARCH_PATHS = "$(inherited) @executable_path/Frameworks";
				PRODUCT_NAME = "$(TARGET_NAME)";
			};
			name = Release;
		};
		AA4A542C1AEFA28200FA1473 /* Debug */ = {
			isa = XCBuildConfiguration;
			buildSettings = {
				ASSETCATALOG_COMPILER_APPICON_NAME = AppIcon;
				GCC_PREPROCESSOR_DEFINITIONS = (
					"DEBUG=1",
					"$(inherited)",
				);
				IBSC_MODULE = BatteryGlance_WatchKit_Extension;
				INFOPLIST_FILE = "BatteryGlance WatchKit App/Info.plist";
				IPHONEOS_DEPLOYMENT_TARGET = 8.2;
				PRODUCT_NAME = "$(TARGET_NAME)";
				SKIP_INSTALL = YES;
				TARGETED_DEVICE_FAMILY = 4;
				"TARGETED_DEVICE_FAMILY[sdk=iphonesimulator*]" = "1,4";
			};
			name = Debug;
		};
		AA4A542D1AEFA28200FA1473 /* Release */ = {
			isa = XCBuildConfiguration;
			buildSettings = {
				ASSETCATALOG_COMPILER_APPICON_NAME = AppIcon;
				IBSC_MODULE = BatteryGlance_WatchKit_Extension;
				INFOPLIST_FILE = "BatteryGlance WatchKit App/Info.plist";
				IPHONEOS_DEPLOYMENT_TARGET = 8.2;
				PRODUCT_NAME = "$(TARGET_NAME)";
				SKIP_INSTALL = YES;
				TARGETED_DEVICE_FAMILY = 4;
				"TARGETED_DEVICE_FAMILY[sdk=iphonesimulator*]" = "1,4";
			};
			name = Release;
		};
		AA4A542F1AEFA28200FA1473 /* Debug */ = {
			isa = XCBuildConfiguration;
			buildSettings = {
				GCC_PREPROCESSOR_DEFINITIONS = (
					"DEBUG=1",
					"$(inherited)",
				);
				INFOPLIST_FILE = "BatteryGlance WatchKit Extension/Info.plist";
				LD_RUNPATH_SEARCH_PATHS = "$(inherited) @executable_path/Frameworks @executable_path/../../Frameworks";
				PRODUCT_NAME = "${TARGET_NAME}";
				SKIP_INSTALL = YES;
			};
			name = Debug;
		};
		AA4A54301AEFA28200FA1473 /* Release */ = {
			isa = XCBuildConfiguration;
			buildSettings = {
				INFOPLIST_FILE = "BatteryGlance WatchKit Extension/Info.plist";
				LD_RUNPATH_SEARCH_PATHS = "$(inherited) @executable_path/Frameworks @executable_path/../../Frameworks";
				PRODUCT_NAME = "${TARGET_NAME}";
				SKIP_INSTALL = YES;
			};
			name = Release;
		};
/* End XCBuildConfiguration section */

/* Begin XCConfigurationList section */
		AA4A53DC1AEFA26D00FA1473 /* Build configuration list for PBXProject "BatteryGlance" */ = {
			isa = XCConfigurationList;
			buildConfigurations = (
				AA4A54021AEFA26E00FA1473 /* Debug */,
				AA4A54031AEFA26E00FA1473 /* Release */,
			);
			defaultConfigurationIsVisible = 0;
			defaultConfigurationName = Release;
		};
		AA4A54041AEFA26E00FA1473 /* Build configuration list for PBXNativeTarget "BatteryGlance" */ = {
			isa = XCConfigurationList;
			buildConfigurations = (
				AA4A54051AEFA26E00FA1473 /* Debug */,
				AA4A54061AEFA26E00FA1473 /* Release */,
			);
			defaultConfigurationIsVisible = 0;
		};
		AA4A542B1AEFA28200FA1473 /* Build configuration list for PBXNativeTarget "BatteryGlance WatchKit App" */ = {
			isa = XCConfigurationList;
			buildConfigurations = (
				AA4A542C1AEFA28200FA1473 /* Debug */,
				AA4A542D1AEFA28200FA1473 /* Release */,
			);
			defaultConfigurationIsVisible = 0;
		};
		AA4A542E1AEFA28200FA1473 /* Build configuration list for PBXNativeTarget "BatteryGlance WatchKit Extension" */ = {
			isa = XCConfigurationList;
			buildConfigurations = (
				AA4A542F1AEFA28200FA1473 /* Debug */,
				AA4A54301AEFA28200FA1473 /* Release */,
			);
			defaultConfigurationIsVisible = 0;
		};
/* End XCConfigurationList section */
	};
	rootObject = AA4A53D91AEFA26D00FA1473 /* Project object */;
}
